
Microsoft Visual Studio Solution File, Format Version 12.00
# Visual Studio 15
VisualStudioVersion = 15.0.28307.1022
MinimumVisualStudioVersion = 10.0.40219.1
Project("{FAE04EC0-301F-11D3-BF4B-00C04F79EFBC}") = "JayaCart.Mobile.Android", "JayaCart.Android\JayaCart.Mobile.Android.csproj", "{E74DA46A-3B83-428A-9870-4738AA55E30B}"
EndProject
Project("{FAE04EC0-301F-11D3-BF4B-00C04F79EFBC}") = "JayaCart.Mobile.iOS", "JayaCart.iOS\JayaCart.Mobile.iOS.csproj", "{01C0B130-7406-4D84-AB13-43F9E390D09C}"
EndProject
Project("{9A19103F-16F7-4668-BE54-9A1E7A4F7556}") = "JayaCart.Mobile", "JayaCart\JayaCart.Mobile.csproj", "{94C26EAF-F17D-4770-91A9-7D3A6486AEC4}"
EndProject
Project("{9A19103F-16F7-4668-BE54-9A1E7A4F7556}") = "JayaCart.Mobile.Shared", "JayaCart.Shared\JayaCart.Mobile.Shared.csproj", "{AC8A8FE8-EE8E-48D6-9251-05F72F34C05B}"
EndProject
Global
	GlobalSection(SolutionConfigurationPlatforms) = preSolution
		Debug|Any CPU = Debug|Any CPU
		Debug|iPhone = Debug|iPhone
		Debug|iPhoneSimulator = Debug|iPhoneSimulator
		Release|Any CPU = Release|Any CPU
		Release|iPhone = Release|iPhone
		Release|iPhoneSimulator = Release|iPhoneSimulator
	EndGlobalSection
	GlobalSection(ProjectConfigurationPlatforms) = postSolution
		{E74DA46A-3B83-428A-9870-4738AA55E30B}.Debug|Any CPU.ActiveCfg = Debug|Any CPU
		{E74DA46A-3B83-428A-9870-4738AA55E30B}.Debug|Any CPU.Build.0 = Debug|Any CPU
		{E74DA46A-3B83-428A-9870-4738AA55E30B}.Debug|Any CPU.Deploy.0 = Debug|Any CPU
		{E74DA46A-3B83-428A-9870-4738AA55E30B}.Debug|iPhone.ActiveCfg = Debug|Any CPU
		{E74DA46A-3B83-428A-9870-4738AA55E30B}.Debug|iPhone.Build.0 = Debug|Any CPU
		{E74DA46A-3B83-428A-9870-4738AA55E30B}.Debug|iPhone.Deploy.0 = Debug|Any CPU
		{E74DA46A-3B83-428A-9870-4738AA55E30B}.Debug|iPhoneSimulator.ActiveCfg = Debug|Any CPU
		{E74DA46A-3B83-428A-9870-4738AA55E30B}.Debug|iPhoneSimulator.Build.0 = Debug|Any CPU
		{E74DA46A-3B83-428A-9870-4738AA55E30B}.Debug|iPhoneSimulator.Deploy.0 = Debug|Any CPU
		{E74DA46A-3B83-428A-9870-4738AA55E30B}.Release|Any CPU.ActiveCfg = Release|Any CPU
		{E74DA46A-3B83-428A-9870-4738AA55E30B}.Release|Any CPU.Build.0 = Release|Any CPU
		{E74DA46A-3B83-428A-9870-4738AA55E30B}.Release|Any CPU.Deploy.0 = Release|Any CPU
		{E74DA46A-3B83-428A-9870-4738AA55E30B}.Release|iPhone.ActiveCfg = Release|Any CPU
		{E74DA46A-3B83-428A-9870-4738AA55E30B}.Release|iPhone.Build.0 = Release|Any CPU
		{E74DA46A-3B83-428A-9870-4738AA55E30B}.Release|iPhone.Deploy.0 = Release|Any CPU
		{E74DA46A-3B83-428A-9870-4738AA55E30B}.Release|iPhoneSimulator.ActiveCfg = Release|Any CPU
		{E74DA46A-3B83-428A-9870-4738AA55E30B}.Release|iPhoneSimulator.Build.0 = Release|Any CPU
		{E74DA46A-3B83-428A-9870-4738AA55E30B}.Release|iPhoneSimulator.Deploy.0 = Release|Any CPU
		{01C0B130-7406-4D84-AB13-43F9E390D09C}.Debug|Any CPU.ActiveCfg = Debug|iPhoneSimulator
		{01C0B130-7406-4D84-AB13-43F9E390D09C}.Debug|Any CPU.Build.0 = Debug|iPhoneSimulator
		{01C0B130-7406-4D84-AB13-43F9E390D09C}.Debug|Any CPU.Deploy.0 = Debug|iPhoneSimulator
		{01C0B130-7406-4D84-AB13-43F9E390D09C}.Debug|iPhone.ActiveCfg = Debug|iPhone
		{01C0B130-7406-4D84-AB13-43F9E390D09C}.Debug|iPhone.Build.0 = Debug|iPhone
		{01C0B130-7406-4D84-AB13-43F9E390D09C}.Debug|iPhone.Deploy.0 = Debug|iPhone
		{01C0B130-7406-4D84-AB13-43F9E390D09C}.Debug|iPhoneSimulator.ActiveCfg = Debug|iPhoneSimulator
		{01C0B130-7406-4D84-AB13-43F9E390D09C}.Debug|iPhoneSimulator.Build.0 = Debug|iPhoneSimulator
		{01C0B130-7406-4D84-AB13-43F9E390D09C}.Debug|iPhoneSimulator.Deploy.0 = Debug|iPhoneSimulator
		{01C0B130-7406-4D84-AB13-43F9E390D09C}.Release|Any CPU.ActiveCfg = Release|iPhone
		{01C0B130-7406-4D84-AB13-43F9E390D09C}.Release|Any CPU.Build.0 = Release|iPhone
		{01C0B130-7406-4D84-AB13-43F9E390D09C}.Release|Any CPU.Deploy.0 = Release|iPhone
		{01C0B130-7406-4D84-AB13-43F9E390D09C}.Release|iPhone.ActiveCfg = Release|iPhone
		{01C0B130-7406-4D84-AB13-43F9E390D09C}.Release|iPhone.Build.0 = Release|iPhone
		{01C0B130-7406-4D84-AB13-43F9E390D09C}.Release|iPhone.Deploy.0 = Release|iPhone
		{01C0B130-7406-4D84-AB13-43F9E390D09C}.Release|iPhoneSimulator.ActiveCfg = Release|iPhoneSimulator
		{01C0B130-7406-4D84-AB13-43F9E390D09C}.Release|iPhoneSimulator.Build.0 = Release|iPhoneSimulator
		{01C0B130-7406-4D84-AB13-43F9E390D09C}.Release|iPhoneSimulator.Deploy.0 = Release|iPhoneSimulator
		{94C26EAF-F17D-4770-91A9-7D3A6486AEC4}.Debug|Any CPU.ActiveCfg = Debug|Any CPU
		{94C26EAF-F17D-4770-91A9-7D3A6486AEC4}.Debug|Any CPU.Build.0 = Debug|Any CPU
		{94C26EAF-F17D-4770-91A9-7D3A6486AEC4}.Debug|Any CPU.Deploy.0 = Debug|Any CPU
		{94C26EAF-F17D-4770-91A9-7D3A6486AEC4}.Debug|iPhone.ActiveCfg = Debug|Any CPU
		{94C26EAF-F17D-4770-91A9-7D3A6486AEC4}.Debug|iPhone.Build.0 = Debug|Any CPU
		{94C26EAF-F17D-4770-91A9-7D3A6486AEC4}.Debug|iPhone.Deploy.0 = Debug|Any CPU
		{94C26EAF-F17D-4770-91A9-7D3A6486AEC4}.Debug|iPhoneSimulator.ActiveCfg = Debug|Any CPU
		{94C26EAF-F17D-4770-91A9-7D3A6486AEC4}.Debug|iPhoneSimulator.Build.0 = Debug|Any CPU
		{94C26EAF-F17D-4770-91A9-7D3A6486AEC4}.Debug|iPhoneSimulator.Deploy.0 = Debug|Any CPU
		{94C26EAF-F17D-4770-91A9-7D3A6486AEC4}.Release|Any CPU.ActiveCfg = Release|Any CPU
		{94C26EAF-F17D-4770-91A9-7D3A6486AEC4}.Release|Any CPU.Build.0 = Release|Any CPU
		{94C26EAF-F17D-4770-91A9-7D3A6486AEC4}.Release|Any CPU.Deploy.0 = Release|Any CPU
		{94C26EAF-F17D-4770-91A9-7D3A6486AEC4}.Release|iPhone.ActiveCfg = Release|Any CPU
		{94C26EAF-F17D-4770-91A9-7D3A6486AEC4}.Release|iPhone.Build.0 = Release|Any CPU
		{94C26EAF-F17D-4770-91A9-7D3A6486AEC4}.Release|iPhone.Deploy.0 = Release|Any CPU
		{94C26EAF-F17D-4770-91A9-7D3A6486AEC4}.Release|iPhoneSimulator.ActiveCfg = Release|Any CPU
		{94C26EAF-F17D-4770-91A9-7D3A6486AEC4}.Release|iPhoneSimulator.Build.0 = Release|Any CPU
		{94C26EAF-F17D-4770-91A9-7D3A6486AEC4}.Release|iPhoneSimulator.Deploy.0 = Release|Any CPU
		{AC8A8FE8-EE8E-48D6-9251-05F72F34C05B}.Debug|Any CPU.ActiveCfg = Debug|Any CPU
		{AC8A8FE8-EE8E-48D6-9251-05F72F34C05B}.Debug|Any CPU.Build.0 = Debug|Any CPU
		{AC8A8FE8-EE8E-48D6-9251-05F72F34C05B}.Debug|iPhone.ActiveCfg = Debug|Any CPU
		{AC8A8FE8-EE8E-48D6-9251-05F72F34C05B}.Debug|iPhone.Build.0 = Debug|Any CPU
		{AC8A8FE8-EE8E-48D6-9251-05F72F34C05B}.Debug|iPhoneSimulator.ActiveCfg = Debug|Any CPU
		{AC8A8FE8-EE8E-48D6-9251-05F72F34C05B}.Debug|iPhoneSimulator.Build.0 = Debug|Any CPU
		{AC8A8FE8-EE8E-48D6-9251-05F72F34C05B}.Release|Any CPU.ActiveCfg = Release|Any CPU
		{AC8A8FE8-EE8E-48D6-9251-05F72F34C05B}.Release|Any CPU.Build.0 = Release|Any CPU
		{AC8A8FE8-EE8E-48D6-9251-05F72F34C05B}.Release|iPhone.ActiveCfg = Release|Any CPU
		{AC8A8FE8-EE8E-48D6-9251-05F72F34C05B}.Release|iPhone.Build.0 = Release|Any CPU
		{AC8A8FE8-EE8E-48D6-9251-05F72F34C05B}.Release|iPhoneSimulator.ActiveCfg = Release|Any CPU
		{AC8A8FE8-EE8E-48D6-9251-05F72F34C05B}.Release|iPhoneSimulator.Build.0 = Release|Any CPU
	EndGlobalSection
	GlobalSection(SolutionProperties) = preSolution
		HideSolutionNode = FALSE
	EndGlobalSection
	GlobalSection(ExtensibilityGlobals) = postSolution
		SolutionGuid = {AEDC4D61-4A8E-45B9-B8CB-EFE9EE16FE53}
	EndGlobalSection
EndGlobal
