
Microsoft Visual Studio Solution File, Format Version 12.00
# Visual Studio Version 16
VisualStudioVersion = 16.0.30128.74
MinimumVisualStudioVersion = 10.0.40219.1
Project("{FAE04EC0-301F-11D3-BF4B-00C04F79EFBC}") = "Jaya.Cart.Android", "Jaya.Cart.Android\Jaya.Cart.Android.csproj", "{FA688C69-3803-4D1C-B382-F421B49D6989}"
EndProject
Project("{FAE04EC0-301F-11D3-BF4B-00C04F79EFBC}") = "Jaya.Cart.iOS", "Jaya.Cart.iOS\Jaya.Cart.iOS.csproj", "{7B8CAB44-5B09-4242-903B-EBFF3BB6F45E}"
EndProject
Project("{FAE04EC0-301F-11D3-BF4B-00C04F79EFBC}") = "Jaya.Cart", "Jaya.Cart\Jaya.Cart.csproj", "{A41CB33A-9E28-480D-8FBA-60C0C5B26611}"
EndProject
Global
	GlobalSection(SolutionConfigurationPlatforms) = preSolution
		Debug|Any CPU = Debug|Any CPU
		Debug|iPhone = Debug|iPhone
		Debug|iPhoneSimulator = Debug|iPhoneSimulator
		Release|Any CPU = Release|Any CPU
		Release|iPhone = Release|iPhone
		Release|iPhoneSimulator = Release|iPhoneSimulator
	EndGlobalSection
	GlobalSection(ProjectConfigurationPlatforms) = postSolution
		{FA688C69-3803-4D1C-B382-F421B49D6989}.Debug|Any CPU.ActiveCfg = Debug|Any CPU
		{FA688C69-3803-4D1C-B382-F421B49D6989}.Debug|Any CPU.Build.0 = Debug|Any CPU
		{FA688C69-3803-4D1C-B382-F421B49D6989}.Debug|Any CPU.Deploy.0 = Debug|Any CPU
		{FA688C69-3803-4D1C-B382-F421B49D6989}.Debug|iPhone.ActiveCfg = Debug|Any CPU
		{FA688C69-3803-4D1C-B382-F421B49D6989}.Debug|iPhone.Build.0 = Debug|Any CPU
		{FA688C69-3803-4D1C-B382-F421B49D6989}.Debug|iPhone.Deploy.0 = Debug|Any CPU
		{FA688C69-3803-4D1C-B382-F421B49D6989}.Debug|iPhoneSimulator.ActiveCfg = Debug|Any CPU
		{FA688C69-3803-4D1C-B382-F421B49D6989}.Debug|iPhoneSimulator.Build.0 = Debug|Any CPU
		{FA688C69-3803-4D1C-B382-F421B49D6989}.Debug|iPhoneSimulator.Deploy.0 = Debug|Any CPU
		{FA688C69-3803-4D1C-B382-F421B49D6989}.Release|Any CPU.ActiveCfg = Release|Any CPU
		{FA688C69-3803-4D1C-B382-F421B49D6989}.Release|Any CPU.Build.0 = Release|Any CPU
		{FA688C69-3803-4D1C-B382-F421B49D6989}.Release|Any CPU.Deploy.0 = Release|Any CPU
		{FA688C69-3803-4D1C-B382-F421B49D6989}.Release|iPhone.ActiveCfg = Release|Any CPU
		{FA688C69-3803-4D1C-B382-F421B49D6989}.Release|iPhone.Build.0 = Release|Any CPU
		{FA688C69-3803-4D1C-B382-F421B49D6989}.Release|iPhone.Deploy.0 = Release|Any CPU
		{FA688C69-3803-4D1C-B382-F421B49D6989}.Release|iPhoneSimulator.ActiveCfg = Release|Any CPU
		{FA688C69-3803-4D1C-B382-F421B49D6989}.Release|iPhoneSimulator.Build.0 = Release|Any CPU
		{FA688C69-3803-4D1C-B382-F421B49D6989}.Release|iPhoneSimulator.Deploy.0 = Release|Any CPU
		{7B8CAB44-5B09-4242-903B-EBFF3BB6F45E}.Debug|Any CPU.ActiveCfg = Debug|iPhone
		{7B8CAB44-5B09-4242-903B-EBFF3BB6F45E}.Debug|Any CPU.Build.0 = Debug|iPhone
		{7B8CAB44-5B09-4242-903B-EBFF3BB6F45E}.Debug|Any CPU.Deploy.0 = Debug|iPhone
		{7B8CAB44-5B09-4242-903B-EBFF3BB6F45E}.Debug|iPhone.ActiveCfg = Debug|iPhone
		{7B8CAB44-5B09-4242-903B-EBFF3BB6F45E}.Debug|iPhone.Build.0 = Debug|iPhone
		{7B8CAB44-5B09-4242-903B-EBFF3BB6F45E}.Debug|iPhone.Deploy.0 = Debug|iPhone
		{7B8CAB44-5B09-4242-903B-EBFF3BB6F45E}.Debug|iPhoneSimulator.ActiveCfg = Debug|iPhoneSimulator
		{7B8CAB44-5B09-4242-903B-EBFF3BB6F45E}.Debug|iPhoneSimulator.Build.0 = Debug|iPhoneSimulator
		{7B8CAB44-5B09-4242-903B-EBFF3BB6F45E}.Debug|iPhoneSimulator.Deploy.0 = Debug|iPhoneSimulator
		{7B8CAB44-5B09-4242-903B-EBFF3BB6F45E}.Release|Any CPU.ActiveCfg = Release|iPhone
		{7B8CAB44-5B09-4242-903B-EBFF3BB6F45E}.Release|Any CPU.Build.0 = Release|iPhone
		{7B8CAB44-5B09-4242-903B-EBFF3BB6F45E}.Release|Any CPU.Deploy.0 = Release|iPhone
		{7B8CAB44-5B09-4242-903B-EBFF3BB6F45E}.Release|iPhone.ActiveCfg = Release|iPhone
		{7B8CAB44-5B09-4242-903B-EBFF3BB6F45E}.Release|iPhone.Build.0 = Release|iPhone
		{7B8CAB44-5B09-4242-903B-EBFF3BB6F45E}.Release|iPhone.Deploy.0 = Release|iPhone
		{7B8CAB44-5B09-4242-903B-EBFF3BB6F45E}.Release|iPhoneSimulator.ActiveCfg = Release|iPhoneSimulator
		{7B8CAB44-5B09-4242-903B-EBFF3BB6F45E}.Release|iPhoneSimulator.Build.0 = Release|iPhoneSimulator
		{7B8CAB44-5B09-4242-903B-EBFF3BB6F45E}.Release|iPhoneSimulator.Deploy.0 = Release|iPhoneSimulator
		{A41CB33A-9E28-480D-8FBA-60C0C5B26611}.Debug|Any CPU.ActiveCfg = Debug|Any CPU
		{A41CB33A-9E28-480D-8FBA-60C0C5B26611}.Debug|Any CPU.Build.0 = Debug|Any CPU
		{A41CB33A-9E28-480D-8FBA-60C0C5B26611}.Debug|Any CPU.Deploy.0 = Debug|Any CPU
		{A41CB33A-9E28-480D-8FBA-60C0C5B26611}.Debug|iPhone.ActiveCfg = Debug|Any CPU
		{A41CB33A-9E28-480D-8FBA-60C0C5B26611}.Debug|iPhone.Build.0 = Debug|Any CPU
		{A41CB33A-9E28-480D-8FBA-60C0C5B26611}.Debug|iPhone.Deploy.0 = Debug|Any CPU
		{A41CB33A-9E28-480D-8FBA-60C0C5B26611}.Debug|iPhoneSimulator.ActiveCfg = Debug|Any CPU
		{A41CB33A-9E28-480D-8FBA-60C0C5B26611}.Debug|iPhoneSimulator.Build.0 = Debug|Any CPU
		{A41CB33A-9E28-480D-8FBA-60C0C5B26611}.Debug|iPhoneSimulator.Deploy.0 = Debug|Any CPU
		{A41CB33A-9E28-480D-8FBA-60C0C5B26611}.Release|Any CPU.ActiveCfg = Release|Any CPU
		{A41CB33A-9E28-480D-8FBA-60C0C5B26611}.Release|Any CPU.Build.0 = Release|Any CPU
		{A41CB33A-9E28-480D-8FBA-60C0C5B26611}.Release|Any CPU.Deploy.0 = Release|Any CPU
		{A41CB33A-9E28-480D-8FBA-60C0C5B26611}.Release|iPhone.ActiveCfg = Release|Any CPU
		{A41CB33A-9E28-480D-8FBA-60C0C5B26611}.Release|iPhone.Build.0 = Release|Any CPU
		{A41CB33A-9E28-480D-8FBA-60C0C5B26611}.Release|iPhone.Deploy.0 = Release|Any CPU
		{A41CB33A-9E28-480D-8FBA-60C0C5B26611}.Release|iPhoneSimulator.ActiveCfg = Release|Any CPU
		{A41CB33A-9E28-480D-8FBA-60C0C5B26611}.Release|iPhoneSimulator.Build.0 = Release|Any CPU
		{A41CB33A-9E28-480D-8FBA-60C0C5B26611}.Release|iPhoneSimulator.Deploy.0 = Release|Any CPU
	EndGlobalSection
	GlobalSection(SolutionProperties) = preSolution
		HideSolutionNode = FALSE
	EndGlobalSection
	GlobalSection(ExtensibilityGlobals) = postSolution
		SolutionGuid = {971F3D13-74DB-4B3B-A192-E0F1F743EBC3}
	EndGlobalSection
EndGlobal
